{
  "name": "sous-titre.git",
  "lockfileVersion": 2,
  "requires": true,
  "packages": {
    "": {
      "dependencies": {
        "jquery-waypoints": "^2.0.5"
      }
    },
    "node_modules/jquery-waypoints": {
      "version": "2.0.5",
      "resolved": "https://registry.npmjs.org/jquery-waypoints/-/jquery-waypoints-2.0.5.tgz",
      "integrity": "sha512-QZ1dS3934t4ifNrbOvonTtRmSHyWhKWYeMUMdd1ntzYw3ALADCYOrdF+WAhOrvzOZams3Unh2rY1l/E5dsqX6w=="
    }
  },
  "dependencies": {
    "jquery-waypoints": {
      "version": "2.0.5",
      "resolved": "https://registry.npmjs.org/jquery-waypoints/-/jquery-waypoints-2.0.5.tgz",
      "integrity": "sha512-QZ1dS3934t4ifNrbOvonTtRmSHyWhKWYeMUMdd1ntzYw3ALADCYOrdF+WAhOrvzOZams3Unh2rY1l/E5dsqX6w=="
    }
  }
}
